{
  "version": "5",
  "specifiers": {
    "jsr:@cliffy/ansi@1.0.0-rc.8": "1.0.0-rc.8",
    "jsr:@cliffy/ansi@^1.0.0-rc.8": "1.0.0-rc.8",
    "jsr:@cliffy/command@^1.0.0-rc.8": "1.0.0-rc.8",
    "jsr:@cliffy/flags@1.0.0-rc.8": "1.0.0-rc.8",
    "jsr:@cliffy/internal@1.0.0-rc.8": "1.0.0-rc.8",
    "jsr:@cliffy/keycode@1.0.0-rc.8": "1.0.0-rc.8",
    "jsr:@cliffy/prompt@^1.0.0-rc.8": "1.0.0-rc.8",
    "jsr:@cliffy/table@1.0.0-rc.8": "1.0.0-rc.8",
    "jsr:@cliffy/table@^1.0.0-rc.8": "1.0.0-rc.8",
    "jsr:@db/sqlite@*": "0.12.0",
    "jsr:@denosaurs/plug@1": "1.1.0",
    "jsr:@soapbox/kysely-deno-sqlite@*": "2.2.0",
    "jsr:@std/assert@0.217": "0.217.0",
    "jsr:@std/assert@~1.0.6": "1.0.13",
    "jsr:@std/encoding@1": "1.0.10",
    "jsr:@std/encoding@~1.0.5": "1.0.10",
    "jsr:@std/fmt@1": "1.0.8",
    "jsr:@std/fmt@~1.0.2": "1.0.8",
    "jsr:@std/fs@1": "1.0.19",
    "jsr:@std/internal@^1.0.9": "1.0.10",
    "jsr:@std/io@~0.224.9": "0.224.9",
    "jsr:@std/path@0.217": "0.217.0",
    "jsr:@std/path@1": "1.1.1",
    "jsr:@std/path@^1.1.1": "1.1.1",
    "jsr:@std/path@~1.0.6": "1.0.9",
    "jsr:@std/text@~1.0.7": "1.0.15",
    "npm:@types/node@*": "22.15.15",
    "npm:kysely@~0.27.2": "0.27.6",
    "npm:kysely@~0.28.3": "0.28.3",
    "npm:pg-pool@*": "3.10.1_pg@8.16.3"
  },
  "jsr": {
    "@cliffy/ansi@1.0.0-rc.8": {
      "integrity": "ba37f10ce55bbfbdd8ddd987f91f029b17bce88385b98ba3058870f3b007b80c",
      "dependencies": [
        "jsr:@cliffy/internal",
        "jsr:@std/encoding@~1.0.5",
        "jsr:@std/fmt@~1.0.2",
        "jsr:@std/io"
      ]
    },
    "@cliffy/command@1.0.0-rc.8": {
      "integrity": "758147790797c74a707e5294cc7285df665422a13d2a483437092ffce40b5557",
      "dependencies": [
        "jsr:@cliffy/flags",
        "jsr:@cliffy/internal",
        "jsr:@cliffy/table@1.0.0-rc.8",
        "jsr:@std/fmt@~1.0.2",
        "jsr:@std/text"
      ]
    },
    "@cliffy/flags@1.0.0-rc.8": {
      "integrity": "0f1043ce6ef037ba1cb5fe6b1bcecb25dc2f29371a1c17f278ab0f45e4b6f46c",
      "dependencies": [
        "jsr:@std/text"
      ]
    },
    "@cliffy/internal@1.0.0-rc.8": {
      "integrity": "34cdf2fad9b084b5aed493b138d573f52d4e988767215f7460daf0b918ff43d8"
    },
    "@cliffy/keycode@1.0.0-rc.8": {
      "integrity": "76dbf85a67ec0aea2e29ca049b8507b6b3f62a2a971bd744d8d3fc447c177cd9"
    },
    "@cliffy/prompt@1.0.0-rc.8": {
      "integrity": "eba403ea1d47b9971bf2210fa35f4dc7ebd2aba87beec9540ae47552806e2f25",
      "dependencies": [
        "jsr:@cliffy/ansi@1.0.0-rc.8",
        "jsr:@cliffy/internal",
        "jsr:@cliffy/keycode",
        "jsr:@std/assert@~1.0.6",
        "jsr:@std/fmt@~1.0.2",
        "jsr:@std/io",
        "jsr:@std/path@~1.0.6",
        "jsr:@std/text"
      ]
    },
    "@cliffy/table@1.0.0-rc.8": {
      "integrity": "8bbcdc2ba5e0061b4b13810a24e6f5c6ab19c09f0cce9eb691ccd76c7c6c9db5",
      "dependencies": [
        "jsr:@std/fmt@~1.0.2"
      ]
    },
    "@db/sqlite@0.12.0": {
      "integrity": "dd1ef7f621ad50fc1e073a1c3609c4470bd51edc0994139c5bf9851de7a6d85f",
      "dependencies": [
        "jsr:@denosaurs/plug",
        "jsr:@std/path@0.217"
      ]
    },
    "@denosaurs/plug@1.1.0": {
      "integrity": "eb2f0b7546c7bca2000d8b0282c54d50d91cf6d75cb26a80df25a6de8c4bc044",
      "dependencies": [
        "jsr:@std/encoding@1",
        "jsr:@std/fmt@1",
        "jsr:@std/fs",
        "jsr:@std/path@1"
      ]
    },
    "@soapbox/kysely-deno-sqlite@2.2.0": {
      "integrity": "668ec94600bc4b4d7bd618dd7ca65d4ef30ee61c46ffcb379b6f45203c08517a",
      "dependencies": [
        "npm:kysely@~0.27.2"
      ]
    },
    "@std/assert@0.217.0": {
      "integrity": "c98e279362ca6982d5285c3b89517b757c1e3477ee9f14eb2fdf80a45aaa9642"
    },
    "@std/assert@1.0.13": {
      "integrity": "ae0d31e41919b12c656c742b22522c32fb26ed0cba32975cb0de2a273cb68b29"
    },
    "@std/encoding@1.0.10": {
      "integrity": "8783c6384a2d13abd5e9e87a7ae0520a30e9f56aeeaa3bdf910a3eaaf5c811a1"
    },
    "@std/fmt@1.0.8": {
      "integrity": "71e1fc498787e4434d213647a6e43e794af4fd393ef8f52062246e06f7e372b7"
    },
    "@std/fs@1.0.19": {
      "integrity": "051968c2b1eae4d2ea9f79a08a3845740ef6af10356aff43d3e2ef11ed09fb06",
      "dependencies": [
        "jsr:@std/internal",
        "jsr:@std/path@^1.1.1"
      ]
    },
    "@std/internal@1.0.10": {
      "integrity": "e3be62ce42cab0e177c27698e5d9800122f67b766a0bea6ca4867886cbde8cf7"
    },
    "@std/io@0.224.9": {
      "integrity": "4414664b6926f665102e73c969cfda06d2c4c59bd5d0c603fd4f1b1c840d6ee3"
    },
    "@std/path@0.217.0": {
      "integrity": "1217cc25534bca9a2f672d7fe7c6f356e4027df400c0e85c0ef3e4343bc67d11",
      "dependencies": [
        "jsr:@std/assert@0.217"
      ]
    },
    "@std/path@1.0.9": {
      "integrity": "260a49f11edd3db93dd38350bf9cd1b4d1366afa98e81b86167b4e3dd750129e"
    },
    "@std/path@1.1.1": {
      "integrity": "fe00026bd3a7e6a27f73709b83c607798be40e20c81dde655ce34052fd82ec76",
      "dependencies": [
        "jsr:@std/internal"
      ]
    },
    "@std/text@1.0.15": {
      "integrity": "91f5cc1e12779a3d95f1be34e763f9c28a75a078b7360e6fcaef0d8d9b1e3e7f"
    }
  },
  "npm": {
    "@types/node@22.15.15": {
      "integrity": "sha512-R5muMcZob3/Jjchn5LcO8jdKwSCbzqmPB6ruBxMcf9kbxtniZHP327s6C37iOfuw8mbKK3cAQa7sEl7afLrQ8A==",
      "dependencies": [
        "undici-types"
      ]
    },
    "kysely@0.27.6": {
      "integrity": "sha512-FIyV/64EkKhJmjgC0g2hygpBv5RNWVPyNCqSAD7eTCv6eFWNIi4PN1UvdSJGicN/o35bnevgis4Y0UDC0qi8jQ=="
    },
    "kysely@0.28.3": {
      "integrity": "sha512-svKnkSH72APRdjfVCCOknxaC9Eb3nA2StHG9d5/sKOqRvHRp2Dtf1XwDvc92b4B5v6LV+EAGWXQbZ5jMOvHaDw=="
    },
    "pg-cloudflare@1.2.7": {
      "integrity": "sha512-YgCtzMH0ptvZJslLM1ffsY4EuGaU0cx4XSdXLRFae8bPP4dS5xL1tNB3k2o/N64cHJpwU7dxKli/nZ2lUa5fLg=="
    },
    "pg-connection-string@2.9.1": {
      "integrity": "sha512-nkc6NpDcvPVpZXxrreI/FOtX3XemeLl8E0qFr6F2Lrm/I8WOnaWNhIPK2Z7OHpw7gh5XJThi6j6ppgNoaT1w4w=="
    },
    "pg-int8@1.0.1": {
      "integrity": "sha512-WCtabS6t3c8SkpDBUlb1kjOs7l66xsGdKpIPZsg4wR+B3+u9UAum2odSsF9tnvxg80h4ZxLWMy4pRjOsFIqQpw=="
    },
    "pg-pool@3.10.1_pg@8.16.3": {
      "integrity": "sha512-Tu8jMlcX+9d8+QVzKIvM/uJtp07PKr82IUOYEphaWcoBhIYkoHpLXN3qO59nAI11ripznDsEzEv8nUxBVWajGg==",
      "dependencies": [
        "pg"
      ]
    },
    "pg-protocol@1.10.3": {
      "integrity": "sha512-6DIBgBQaTKDJyxnXaLiLR8wBpQQcGWuAESkRBX/t6OwA8YsqP+iVSiond2EDy6Y/dsGk8rh/jtax3js5NeV7JQ=="
    },
    "pg-types@2.2.0": {
      "integrity": "sha512-qTAAlrEsl8s4OiEQY69wDvcMIdQN6wdz5ojQiOy6YRMuynxenON0O5oCpJI6lshc6scgAY8qvJ2On/p+CXY0GA==",
      "dependencies": [
        "pg-int8",
        "postgres-array",
        "postgres-bytea",
        "postgres-date",
        "postgres-interval"
      ]
    },
    "pg@8.16.3": {
      "integrity": "sha512-enxc1h0jA/aq5oSDMvqyW3q89ra6XIIDZgCX9vkMrnz5DFTw/Ny3Li2lFQ+pt3L6MCgm/5o2o8HW9hiJji+xvw==",
      "dependencies": [
        "pg-connection-string",
        "pg-pool",
        "pg-protocol",
        "pg-types",
        "pgpass"
      ],
      "optionalDependencies": [
        "pg-cloudflare"
      ]
    },
    "pgpass@1.0.5": {
      "integrity": "sha512-FdW9r/jQZhSeohs1Z3sI1yxFQNFvMcnmfuj4WBMUTxOrAyLMaTcE1aAMBiTlbMNaXvBCQuVi0R7hd8udDSP7ug==",
      "dependencies": [
        "split2"
      ]
    },
    "postgres-array@2.0.0": {
      "integrity": "sha512-VpZrUqU5A69eQyW2c5CA1jtLecCsN2U/bD6VilrFDWq5+5UIEVO7nazS3TEcHf1zuPYO/sqGvUvW62g86RXZuA=="
    },
    "postgres-bytea@1.0.0": {
      "integrity": "sha512-xy3pmLuQqRBZBXDULy7KbaitYqLcmxigw14Q5sj8QBVLqEwXfeybIKVWiqAXTlcvdvb0+xkOtDbfQMOf4lST1w=="
    },
    "postgres-date@1.0.7": {
      "integrity": "sha512-suDmjLVQg78nMK2UZ454hAG+OAW+HQPZ6n++TNDUX+L0+uUlLywnoxJKDou51Zm+zTCjrCl0Nq6J9C5hP9vK/Q=="
    },
    "postgres-interval@1.2.0": {
      "integrity": "sha512-9ZhXKM/rw350N1ovuWHbGxnGh/SNJ4cnxHiM0rxE4VN41wsg8P8zWn9hv/buK00RP4WvlOyr/RBDiptyxVbkZQ==",
      "dependencies": [
        "xtend"
      ]
    },
    "split2@4.2.0": {
      "integrity": "sha512-UcjcJOWknrNkF6PLX83qcHM6KHgVKNkV62Y8a5uYDVv9ydGQVwAHMKqHdJje1VTWpljG0WYpCDhrCdAOYH4TWg=="
    },
    "undici-types@6.21.0": {
      "integrity": "sha512-iwDZqg0QAGrg9Rav5H4n0M64c3mkR59cJ6wQp+7C4nI0gsmExaedaYLNO44eT4AtBBwjbTiGPMlt2Md0T9H9JQ=="
    },
    "xtend@4.0.2": {
      "integrity": "sha512-LKYU1iAXJXUgAXn9URjiu+MWhyUXHsvfp7mcuYm9dSUKK0/CjtrUwFAxD82/mCWbtLsGjFIad0wIsod4zrTAEQ=="
    }
  },
  "redirects": {
    "https://esm.sh/@asteasolutions/zod-to-openapi@^7.1.0?target=denonext": "https://esm.sh/@asteasolutions/zod-to-openapi@7.3.4?target=denonext",
    "https://esm.sh/@asteasolutions/zod-to-openapi@^8.0.0?deps=zod@3.23.8&target=denonext": "https://esm.sh/@asteasolutions/zod-to-openapi@8.0.0?deps=zod@3.23.8&target=denonext",
    "https://esm.sh/@asteasolutions/zod-to-openapi@^8.0.0?target=denonext": "https://esm.sh/@asteasolutions/zod-to-openapi@8.0.0?target=denonext",
    "https://esm.sh/@hono/node-server/serve-static?deps=hono@4.8.9": "https://esm.sh/@hono/node-server@1.17.1/serve-static?deps=hono@4.8.9",
    "https://esm.sh/@hono/node-server/serve-static@0.5.2?deps=hono@4.8.9": "https://esm.sh/@hono/node-server@1.17.1/serve-static@0.5.2?deps=hono@4.8.9",
    "https://esm.sh/@hono/swagger-ui": "https://esm.sh/@hono/swagger-ui@0.5.2",
    "https://esm.sh/@hono/zod-openapi": "https://esm.sh/@hono/zod-openapi@1.0.2",
    "https://esm.sh/@hono/zod-validator@^0.4.1?target=denonext": "https://esm.sh/@hono/zod-validator@0.4.3?target=denonext",
    "https://esm.sh/@hono/zod-validator@^0.7.2?deps=hono@4.8.9,zod@3.23.8&target=denonext": "https://esm.sh/@hono/zod-validator@0.7.2?deps=hono@4.8.9,zod@3.23.8&target=denonext",
    "https://esm.sh/@hono/zod-validator@^0.7.2?target=denonext": "https://esm.sh/@hono/zod-validator@0.7.2?target=denonext",
    "https://esm.sh/hono": "https://esm.sh/hono@4.8.9",
    "https://esm.sh/hono/dist/middleware/cors": "https://esm.sh/hono@4.8.9/dist/middleware/cors",
    "https://esm.sh/hono/dist/middleware/logger": "https://esm.sh/hono@4.8.9/dist/middleware/logger",
    "https://esm.sh/hono/html?target=denonext": "https://esm.sh/hono@4.8.9/html?target=denonext",
    "https://esm.sh/hono/middleware": "https://esm.sh/hono@4.8.9/middleware",
    "https://esm.sh/hono@%3E=3.9.0/validator?target=denonext": "https://esm.sh/hono@4.8.9/validator?target=denonext",
    "https://esm.sh/hono@%3E=4.3.6/utils/url?target=denonext": "https://esm.sh/hono@4.8.9/utils/url?target=denonext",
    "https://esm.sh/hono@%3E=4.3.6?target=denonext": "https://esm.sh/hono@4.8.9?target=denonext",
    "https://esm.sh/zod@3.*?target=denonext": "https://esm.sh/zod@3.25.76?target=denonext",
    "https://esm.sh/zod@^3.19.1?target=denonext": "https://esm.sh/zod@3.25.76?target=denonext",
    "https://esm.sh/zod@^4.0.0?target=denonext": "https://esm.sh/zod@4.0.10?target=denonext"
  },
  "remote": {
    "https://deno.land/std@0.192.0/encoding/base64.ts": "144ae6234c1fbe5b68666c711dc15b1e9ee2aef6d42b3b4345bf9a6c91d70d0d",
    "https://deno.land/std@0.192.0/encoding/base64url.ts": "2ed4ba122b20fedf226c5d337cf22ee2024fa73a8f85d915d442af7e9ce1fae1",
    "https://deno.land/std@0.208.0/assert/_constants.ts": "8a9da298c26750b28b326b297316cdde860bc237533b07e1337c021379e6b2a9",
    "https://deno.land/std@0.208.0/assert/_diff.ts": "58e1461cc61d8eb1eacbf2a010932bf6a05b79344b02ca38095f9b805795dc48",
    "https://deno.land/std@0.208.0/assert/_format.ts": "a69126e8a469009adf4cf2a50af889aca364c349797e63174884a52ff75cf4c7",
    "https://deno.land/std@0.208.0/assert/assert.ts": "9a97dad6d98c238938e7540736b826440ad8c1c1e54430ca4c4e623e585607ee",
    "https://deno.land/std@0.208.0/assert/assert_almost_equals.ts": "e15ca1f34d0d5e0afae63b3f5d975cbd18335a132e42b0c747d282f62ad2cd6c",
    "https://deno.land/std@0.208.0/assert/assert_array_includes.ts": "6856d7f2c3544bc6e62fb4646dfefa3d1df5ff14744d1bca19f0cbaf3b0d66c9",
    "https://deno.land/std@0.208.0/assert/assert_equals.ts": "d8ec8a22447fbaf2fc9d7c3ed2e66790fdb74beae3e482855d75782218d68227",
    "https://deno.land/std@0.208.0/assert/assert_exists.ts": "407cb6b9fb23a835cd8d5ad804e2e2edbbbf3870e322d53f79e1c7a512e2efd7",
    "https://deno.land/std@0.208.0/assert/assert_false.ts": "0ccbcaae910f52c857192ff16ea08bda40fdc79de80846c206bfc061e8c851c6",
    "https://deno.land/std@0.208.0/assert/assert_greater.ts": "ae2158a2d19313bf675bf7251d31c6dc52973edb12ac64ac8fc7064152af3e63",
    "https://deno.land/std@0.208.0/assert/assert_greater_or_equal.ts": "1439da5ebbe20855446cac50097ac78b9742abe8e9a43e7de1ce1426d556e89c",
    "https://deno.land/std@0.208.0/assert/assert_instance_of.ts": "3aedb3d8186e120812d2b3a5dea66a6e42bf8c57a8bd927645770bd21eea554c",
    "https://deno.land/std@0.208.0/assert/assert_is_error.ts": "c21113094a51a296ffaf036767d616a78a2ae5f9f7bbd464cd0197476498b94b",
    "https://deno.land/std@0.208.0/assert/assert_less.ts": "aec695db57db42ec3e2b62e97e1e93db0063f5a6ec133326cc290ff4b71b47e4",
    "https://deno.land/std@0.208.0/assert/assert_less_or_equal.ts": "5fa8b6a3ffa20fd0a05032fe7257bf985d207b85685fdbcd23651b70f928c848",
    "https://deno.land/std@0.208.0/assert/assert_match.ts": "c4083f80600bc190309903c95e397a7c9257ff8b5ae5c7ef91e834704e672e9b",
    "https://deno.land/std@0.208.0/assert/assert_not_equals.ts": "9f1acab95bd1f5fc9a1b17b8027d894509a745d91bac1718fdab51dc76831754",
    "https://deno.land/std@0.208.0/assert/assert_not_instance_of.ts": "0c14d3dfd9ab7a5276ed8ed0b18c703d79a3d106102077ec437bfe7ed912bd22",
    "https://deno.land/std@0.208.0/assert/assert_not_match.ts": "3796a5b0c57a1ce6c1c57883dd4286be13a26f715ea662318ab43a8491a13ab0",
    "https://deno.land/std@0.208.0/assert/assert_not_strict_equals.ts": "4cdef83df17488df555c8aac1f7f5ec2b84ad161b6d0645ccdbcc17654e80c99",
    "https://deno.land/std@0.208.0/assert/assert_object_match.ts": "d8fc2867cfd92eeacf9cea621e10336b666de1874a6767b5ec48988838370b54",
    "https://deno.land/std@0.208.0/assert/assert_rejects.ts": "45c59724de2701e3b1f67c391d6c71c392363635aad3f68a1b3408f9efca0057",
    "https://deno.land/std@0.208.0/assert/assert_strict_equals.ts": "b1f538a7ea5f8348aeca261d4f9ca603127c665e0f2bbfeb91fa272787c87265",
    "https://deno.land/std@0.208.0/assert/assert_string_includes.ts": "b821d39ebf5cb0200a348863c86d8c4c4b398e02012ce74ad15666fc4b631b0c",
    "https://deno.land/std@0.208.0/assert/assert_throws.ts": "63784e951475cb7bdfd59878cd25a0931e18f6dc32a6077c454b2cd94f4f4bcd",
    "https://deno.land/std@0.208.0/assert/assertion_error.ts": "4d0bde9b374dfbcbe8ac23f54f567b77024fb67dbb1906a852d67fe050d42f56",
    "https://deno.land/std@0.208.0/assert/equal.ts": "9f1a46d5993966d2596c44e5858eec821859b45f783a5ee2f7a695dfc12d8ece",
    "https://deno.land/std@0.208.0/assert/fail.ts": "c36353d7ae6e1f7933d45f8ea51e358c8c4b67d7e7502028598fe1fea062e278",
    "https://deno.land/std@0.208.0/assert/mod.ts": "37c49a26aae2b254bbe25723434dc28cd7532e444cf0b481a97c045d110ec085",
    "https://deno.land/std@0.208.0/assert/unimplemented.ts": "d56fbeecb1f108331a380f72e3e010a1f161baa6956fd0f7cf3e095ae1a4c75a",
    "https://deno.land/std@0.208.0/assert/unreachable.ts": "4600dc0baf7d9c15a7f7d234f00c23bca8f3eba8b140286aaca7aa998cf9a536",
    "https://deno.land/std@0.208.0/fmt/colors.ts": "34b3f77432925eb72cf0bfb351616949746768620b8e5ead66da532f93d10ba2",
    "https://deno.land/std@0.221.0/encoding/_util.ts": "beacef316c1255da9bc8e95afb1fa56ed69baef919c88dc06ae6cb7a6103d376",
    "https://deno.land/std@0.221.0/encoding/base64.ts": "8ccae67a1227b875340a8582ff707f37b131df435b07080d3bb58e07f5f97807",
    "https://deno.land/std@0.221.0/encoding/base64url.ts": "9cc46cf510436be63ac00ebf97a7de1993e603ca58e1853b344bf90d80ea9945",
    "https://deno.land/x/djwt@v2.9.1/algorithm.ts": "9b67833bb708880435906bb1ea657608fa78692d05e23e2f5f5917c89120f1d2",
    "https://deno.land/x/djwt@v2.9.1/deps.ts": "550e9153f2b4b1c63158bfacfb5b80f34f29c3dd857da2becc1941e9ef04138f",
    "https://deno.land/x/djwt@v2.9.1/mod.ts": "982aff83fb2036e396f5c9996dbff0c2b8949f6d9f35c82270358c440933ab73",
    "https://deno.land/x/djwt@v2.9.1/signature.ts": "a5649368a4b433b2810e7d47f53661fe3b0f7fe1778cb49234ceae3d6e861185",
    "https://deno.land/x/djwt@v2.9.1/util.ts": "0d78272bd23a4656ceabe137d496fcca37cf3de36212477642aa5d85a880d87a",
    "https://deno.land/x/djwt@v3.0.2/algorithm.ts": "b1c6645f9dbd6e6c47c123a3b18c28b956f91c65ed17f5b6d5d968fc3750542b",
    "https://deno.land/x/djwt@v3.0.2/deps.ts": "a7954fe567f2097b4f6aca11d091b6df658e485a817ac4dee47257ed5c28fd6e",
    "https://deno.land/x/djwt@v3.0.2/mod.ts": "962d8f2c4d6a4db111f45d777b152356aec31ba7db0ca664601175a422629857",
    "https://deno.land/x/djwt@v3.0.2/signature.ts": "16238fbf558267c85dd6c0178045f006c8b914a7301db87149f3318326569272",
    "https://deno.land/x/djwt@v3.0.2/util.ts": "5cb264d2125c553678e11446bcfa0494025d120e3f59d0a3ab38f6800def697d",
    "https://esm.sh/@asteasolutions/zod-to-openapi@7.3.4/denonext/zod-to-openapi.mjs": "d62bd5f6d091f23b9bace0d921c2bf29cb6dc20a3f875ef8b63b9bdaa841410e",
    "https://esm.sh/@asteasolutions/zod-to-openapi@7.3.4?target=denonext": "5da9b1fb07512909556c1d37092bd9c9824807527096682ed4cf5f8780a57664",
    "https://esm.sh/@asteasolutions/zod-to-openapi@8.0.0/X-ZHpvZEAzLjIzLjg/denonext/zod-to-openapi.mjs": "27b69b4cab99d1fa1104a5019ab0809eed10185583da3c1a38ba37f6bbb82519",
    "https://esm.sh/@asteasolutions/zod-to-openapi@8.0.0/denonext/zod-to-openapi.mjs": "27b69b4cab99d1fa1104a5019ab0809eed10185583da3c1a38ba37f6bbb82519",
    "https://esm.sh/@asteasolutions/zod-to-openapi@8.0.0?deps=zod@3.23.8&target=denonext": "7310f8d098e2d426b396cf5452fca9d875a583dc01276c5d103470a634321cc6",
    "https://esm.sh/@asteasolutions/zod-to-openapi@8.0.0?target=denonext": "b5290774a889be5b60a3c03acd01a8d924e580a0f48dabc30d178b77326a203b",
    "https://esm.sh/@hono/node-server@1.17.1/X-ZGhvbm9ANC44Ljk/denonext/serve-static.mjs": "a2953b58d87a7d99e7de8dd6a31c10bfa5e46aabb0889693705648bb0dc46c8f",
    "https://esm.sh/@hono/node-server@1.17.1/serve-static?deps=hono@4.8.9": "3dc0d3a0f82089b9972b3bff176d68e82417ea668b5c7f58646bd0b78d23b654",
    "https://esm.sh/@hono/swagger-ui@0.4.1": "79d38923be831845444e6f3329e1d8686afcb12b9e939fdd0de76276e5773093",
    "https://esm.sh/@hono/swagger-ui@0.4.1/denonext/swagger-ui.mjs": "a3042652d56af71b4d26ed6854771c216462b3eb635feb0864a543b3726d4db9",
    "https://esm.sh/@hono/swagger-ui@0.5.2": "f092d24c4a39b20915b584cad80dc1126e3ce7e6574ae8a75cd94714db26ae12",
    "https://esm.sh/@hono/swagger-ui@0.5.2/X-ZGhvbm9ANC44Ljk/denonext/swagger-ui.mjs": "84d633178fcf35cd039b71f96dbdd889673916d5532b80108b8011877211bfa2",
    "https://esm.sh/@hono/swagger-ui@0.5.2/denonext/swagger-ui.mjs": "558283e64c2981bcbb24fbf1f75f38af5235ea0f1fce1988573f0eb88ed3cb79",
    "https://esm.sh/@hono/swagger-ui@0.5.2?deps=hono@4.8.9": "da1708ba0fa92b4aa45d9de1d1dbe35739921b99fef322a8d67afa8ef84c7a1c",
    "https://esm.sh/@hono/zod-openapi@0.16.4": "f8accabb024ef5e8253f5786e18a391a77cb99f36ca719418c07e7f9415f1ce5",
    "https://esm.sh/@hono/zod-openapi@0.16.4/denonext/zod-openapi.mjs": "babe3bbdb53bee1a4e03b36eb06744c307dfa9a159f9a0975f94b18610c912f6",
    "https://esm.sh/@hono/zod-openapi@0.18.2": "091a417a26e1a1672c12e8a9b8794b64c3e5dda3b69e98ca480898f8b579776f",
    "https://esm.sh/@hono/zod-openapi@0.18.2/denonext/zod-openapi.mjs": "b73971e735c6ff332655280c12c46377f522dcb471e847ce083aa3b637b53b6e",
    "https://esm.sh/@hono/zod-openapi@1.0.2": "e3fef06597e5210fcf323548961430282f0ed63294f316b8de22be3989df314d",
    "https://esm.sh/@hono/zod-openapi@1.0.2/X-ZGhvbm9ANC44Ljksem9kQDMuMjMuOA/denonext/zod-openapi.mjs": "ac24faa8d0fe2897cbe0e301767182dd4107ce33836e51514092868fbc64403f",
    "https://esm.sh/@hono/zod-openapi@1.0.2/denonext/zod-openapi.mjs": "f7e33642610366eff2b6c0d2e0c2f191c2162842f03ebc77ee82daf28c4f06a0",
    "https://esm.sh/@hono/zod-openapi@1.0.2?deps=hono@4.8.9,zod@3.23.8": "41ae705e7dabad08b5c137e4bd4101876ceaed76ec8056cd5b0ae7276732d13e",
    "https://esm.sh/@hono/zod-validator@0.3.0/denonext/zod-validator.mjs": "c0a88c37f2f3894e2cef41f448ceb52cde4ac5cd63210f569d7747bda23779cd",
    "https://esm.sh/@hono/zod-validator@0.4.3/denonext/zod-validator.mjs": "bad2f1ac32f58c948d9e383adab86e31d71c0c4777fc00e8eabb70938281ccbb",
    "https://esm.sh/@hono/zod-validator@0.4.3?target=denonext": "22c6570b2c2aa332afa29b35742dcd0b31e7441f89f93c75f16c9bab11a07386",
    "https://esm.sh/@hono/zod-validator@0.7.2/X-ZGhvbm9ANC44Ljksem9kQDMuMjMuOA/denonext/zod-validator.mjs": "e45896932b0919e6d69a8f3d6dddb064bb6dd8bdee83114e3d37ce6ca4fb3d64",
    "https://esm.sh/@hono/zod-validator@0.7.2/denonext/zod-validator.mjs": "b58f05d276733b84c9c6b73aef9b4ace13f5c0c128b22b19d4c40db3c651bbe5",
    "https://esm.sh/@hono/zod-validator@0.7.2?deps=hono@4.8.9,zod@3.23.8&target=denonext": "b32a60fc387714f7a9f2fa0cfd258a1163a4c583a29716b9804e7f2a894b23ca",
    "https://esm.sh/@hono/zod-validator@0.7.2?target=denonext": "a939358f706cc264a1502e7b479bf552d59e99226f9523a8819148eb140b8462",
    "https://esm.sh/hono@4.8.9": "a8b024c7c6f0faf015d76973544b3d20e2e99ccc971f5a736a6f379d364b92dc",
    "https://esm.sh/hono@4.8.9/denonext/adapter.mjs": "67ff781c5d07d787ce458c97026f930277f7d5f83868e3746ea639edabc7bd57",
    "https://esm.sh/hono@4.8.9/denonext/cookie.mjs": "f32e9e59aedddfe7eaaee418fdb8dd0840a5ab21f66db9374ea6abf76cbd9dca",
    "https://esm.sh/hono@4.8.9/denonext/dist/compose.mjs": "d8956327870fafab723e8e47aac0ad064231438dd4ee6f0df8879fe69c5b8bd1",
    "https://esm.sh/hono@4.8.9/denonext/dist/context.mjs": "2a399e71750b3d183737214b66deffc478fe0ea63294049963a76a31cd0db883",
    "https://esm.sh/hono@4.8.9/denonext/dist/hono.mjs": "7cad9be41d0983f8107fff6bd3c9357f0cc2ab8371352f243fa40b4392a244ef",
    "https://esm.sh/hono@4.8.9/denonext/dist/middleware/cors.mjs": "02207e16a853d003b7b506bf3a0fec3bc0098dd94d6d1402264423438fe8b710",
    "https://esm.sh/hono@4.8.9/denonext/dist/middleware/jwt.mjs": "7fa1f41d234c76111a9b5e81db464612cd3d40186c7e0d467e8324fa3a0d02e8",
    "https://esm.sh/hono@4.8.9/denonext/dist/middleware/logger.mjs": "67f94e0a6fe04545e1c0c2580c3d4f7961960f2d739b3ef2919155144b93d4a8",
    "https://esm.sh/hono@4.8.9/denonext/dist/request/constants.mjs": "eefd77e619ea03975eb7cbfd70941ae7d007aa94085dbc1dd47b6629044f7dcd",
    "https://esm.sh/hono@4.8.9/denonext/dist/utils/body.mjs": "8498d11506937f48408f3eeb7da50c2c5047eb644f393a529458ba6e7c89c468",
    "https://esm.sh/hono@4.8.9/denonext/dist/utils/buffer.mjs": "2cc3f36636b948f1514e28793d1ad6d94674266a6f23ce27b9179c27b8e958c4",
    "https://esm.sh/hono@4.8.9/denonext/dist/utils/color.mjs": "12a5af5e400c6113ed82f2cf86e23482e14091ae3becaf7a6e796db05ab090c6",
    "https://esm.sh/hono@4.8.9/denonext/dist/utils/constants.mjs": "f6bb3f217bd95b2c4d024dcf29ced59fa0044ab22151fdad853ab06054663be8",
    "https://esm.sh/hono@4.8.9/denonext/dist/utils/cookie.mjs": "65580eac4df0904d505f5343c71da68aba16aef92d7c573e99dabcd794245bbb",
    "https://esm.sh/hono@4.8.9/denonext/dist/utils/encode.mjs": "3f71d9dcdbe4b3e35e5d5a7288d1dcf81f6a8f65d535d65144f3ee29b3bf85ec",
    "https://esm.sh/hono@4.8.9/denonext/dist/utils/html.mjs": "98ca261c2d3f38cb81a7c1ce5c39b447015f982eb46709c86710053096ac341e",
    "https://esm.sh/hono@4.8.9/denonext/dist/utils/url.mjs": "49bee518ec2f15eb88862a4edb148f477e6d5ab3c952e84f7ec9c949af281d7f",
    "https://esm.sh/hono@4.8.9/denonext/hono-base.mjs": "a541028b42ed5cfd9b42730a37e9b5276f374bc4734754d3e3ae0eacfa78227d",
    "https://esm.sh/hono@4.8.9/denonext/hono.mjs": "76f9b7a6ccdb94ed91c19d0d1dd56af7006807b264174140b9133b591eb3c60e",
    "https://esm.sh/hono@4.8.9/denonext/html.mjs": "2ac25cf695328d320b4b9ae659665c615944a409d8fbd75ae997903ba6a22342",
    "https://esm.sh/hono@4.8.9/denonext/http-exception.mjs": "ee62b93231f3407049c455ee4279d3d9aba9adad42dca75b833ade8cd79f56ab",
    "https://esm.sh/hono@4.8.9/denonext/request.mjs": "f24e50fb7914c1d682708f9b02a37b7fa153b58aef62769816761e6e08e69d84",
    "https://esm.sh/hono@4.8.9/denonext/router.mjs": "d261552b4b5563a13f68c6ecac3b93970fd295c48909e92176ce90458e8e9490",
    "https://esm.sh/hono@4.8.9/denonext/router/reg-exp-router.mjs": "215aa858ae7c2c6d6dea7b26337613832e906637c745ea918a4c9279aadfbe3f",
    "https://esm.sh/hono@4.8.9/denonext/router/smart-router.mjs": "a5903a0edf0f2d64a76f8b9a2b49f0779ba42e629d400909466f6ff91cee5c6c",
    "https://esm.sh/hono@4.8.9/denonext/router/trie-router.mjs": "a4b9b909882d246b55c1835ebabc18798365ff783ed9e4a522cb14e2803aa24b",
    "https://esm.sh/hono@4.8.9/denonext/utils/jwt.mjs": "aea8ad28175863169a0332f8636b609ee1166e2bab93062cbcdd2c7b2d472623",
    "https://esm.sh/hono@4.8.9/denonext/utils/mime.mjs": "044531dd69a41beb4d50da8ef4b61b0f5b67777d660d4ca5e54a7de39beb116a",
    "https://esm.sh/hono@4.8.9/denonext/utils/url.mjs": "f893f03a0972bd00974e3f323253feea316680ca6b266c04a1384c661650eb7e",
    "https://esm.sh/hono@4.8.9/denonext/validator.mjs": "52072f8ae36028a8878fc368856c38f32a7e5e766a67843b0f92deb296100785",
    "https://esm.sh/hono@4.8.9/dist/middleware/cors": "9b3fe58dd69bd367f8959c1b73deb7fb31e797ca2665b32373ce8a26badb3545",
    "https://esm.sh/hono@4.8.9/dist/middleware/jwt": "17bab7333f22521e1483d1bc04dc1d47da2659495dbeafbdb601dd9fd2c2d338",
    "https://esm.sh/hono@4.8.9/dist/middleware/logger": "99107d38a794d7bb9b16669101cd2e17326f5347fb027b46a53d491584340c0f",
    "https://esm.sh/hono@4.8.9/dist/types/types": "fabf6997a3adf11e45d11e3c4d58d0634ab98f9d72f3116f3694123818ccd457",
    "https://esm.sh/hono@4.8.9/html?target=denonext": "6c98e3befbbc84615075cea3b13f78ef738c9014fbe1ca58328370d517459077",
    "https://esm.sh/hono@4.8.9/utils/url?target=denonext": "ebcea5e39e6fd7c95cc3ba7b1b8ea5aeb76c7bea588b5a25a28dca22bdbf4595",
    "https://esm.sh/hono@4.8.9/validator?target=denonext": "0c3e188033de1eef8e93838647256fc1e4d59ad5aece1f2b81c3491788c4cf40",
    "https://esm.sh/hono@4.8.9?target=denonext": "a8b024c7c6f0faf015d76973544b3d20e2e99ccc971f5a736a6f379d364b92dc",
    "https://esm.sh/swagger-ui-dist@5.18.2": "22490b309b74c4f1e07e136a62493145e6fc4d23f6451571e758c0275e62db0e",
    "https://esm.sh/swagger-ui-dist@5.18.2/denonext/swagger-ui-dist.mjs": "4466a5acd966b03f39ebb599f6ccc5877ff51fe27530bbd66b3bb106cca787c8",
    "https://esm.sh/swagger-ui-dist@5.24.1": "fcb122125ed96dae6226a83e935bd0e8d9e3784254fde6196634c2bc9ce6839c",
    "https://esm.sh/swagger-ui-dist@5.24.1/denonext/swagger-ui-dist.mjs": "2a85c33b65f65066364b7354afa1d5d78875fa5033883ae05666cb1b879b76d1",
    "https://esm.sh/swagger-ui-dist@5.27.0": "3b28ecd44f92b7bbad2a543dd14bc970826c9c2de123e9c62542c46408cc7c9a",
    "https://esm.sh/swagger-ui-dist@5.27.0/denonext/swagger-ui-dist.mjs": "7f76425052589df195c51f6a8c8a518b87066239d7f48f320d8bbebdde1fcdc2",
    "https://esm.sh/zod@3.22.4": "58f997d2fb4d837fdccc359937cfa92ec0c2870fcda1e58fa52eadd998b06dd1",
    "https://esm.sh/zod@3.22.4/denonext/zod.mjs": "2302c597fb6b5342e5f56ece83f759f82383376d7eca8d00eb56c41d2a65fb5b",
    "https://esm.sh/zod@3.23.8/denonext/zod.mjs": "0776ff1b85cde578a80a14b7921d72dbf17ba4de827f5ddf9c3423d7ab8562cf",
    "https://esm.sh/zod@3.25.76/denonext/zod.mjs": "9f643d0cc560840b7fa3b6e6fc3a5a41595f12ff8863cac0ccbae3ec98989284",
    "https://esm.sh/zod@3.25.76?target=denonext": "7d2e5b7450d6f99b9b3b228958bd1291d5a1f8378f82b8cdd2ce83b2f14961c2",
    "https://esm.sh/zod@4.0.10/denonext/v4/core.mjs": "3a73fd9dbf78e7be2883f4b41687cc1df41ba4204f3dd0844453442d65916b08",
    "https://esm.sh/zod@4.0.10/denonext/v4/locales.mjs": "5f5134371e0fc080b5d3d07a99c236bcc175527a54ccd8d021150c7e80276ced",
    "https://esm.sh/zod@4.0.10/denonext/zod.mjs": "8f6c329da15ad4a84e6a850396c07bcae0db895b28de1b5f9320263fc8740a72",
    "https://esm.sh/zod@4.0.10?target=denonext": "bc008a6a52663364943e45d029fbfda0c092f5679b7c9b4d15bc8ed1b4f0ce54"
  },
  "workspace": {
    "dependencies": [
      "npm:kysely@~0.28.3"
    ]
  }
}
